# Pinned dependency sources and tags for build.sh
# Update with: ./update-dependency-lock.sh

ZLIB_REPO="https://github.com/madler/zlib.git"
ZLIB_TAG="v1.3.2"

LIBDEFLATE_REPO="https://github.com/ebiggers/libdeflate.git"
LIBDEFLATE_TAG="v1.25"

LIBJPEG_TURBO_REPO="https://github.com/libjpeg-turbo/libjpeg-turbo.git"
LIBJPEG_TURBO_TAG="3.2.0"

LIBPNG_REPO="https://github.com/glennrp/libpng.git"
LIBPNG_TAG="v1.6.58"

BZIP2_REPO="https://github.com/libarchive/bzip2.git"
BZIP2_TAG="bzip2-1.0.8"

ZSTD_REPO="https://github.com/facebook/zstd.git"
ZSTD_TAG="v1.5.7"

OPENJPEG_REPO="https://github.com/uclouvain/openjpeg.git"
OPENJPEG_TAG="v2.5.4"

LCMS2_REPO="https://github.com/mm2/Little-CMS.git"
LCMS2_TAG="lcms2.19"

XZ_REPO="https://github.com/tukaani-project/xz.git"
XZ_TAG="v5.8.3"

LIBXML2_REPO="https://gitlab.gnome.org/GNOME/libxml2.git"
LIBXML2_TAG="v2.15.3"

LIBZIP_REPO="https://github.com/nih-at/libzip.git"
LIBZIP_TAG="v1.11.4"

MESON_REPO="https://github.com/mesonbuild/meson.git"
MESON_TAG="1.11.2"

PCRE2_REPO="https://github.com/PCRE2Project/pcre2.git"
PCRE2_TAG="pcre2-10.47"

LIBFFI_REPO="https://github.com/libffi/libffi.git"
LIBFFI_TAG="v3.7.1"

GLIB_REPO="https://github.com/GNOME/glib.git"
GLIB_TAG="2.88.3"

GVDB_REPO="https://gitlab.gnome.org/GNOME/gvdb.git"
GVDB_REF="c6f2359cc1d00f16e0a0e2527fa0bc1882b8b5ab"

LIBLQR_REPO="https://github.com/carlobaldassi/liblqr.git"
LIBLQR_TAG="v0.4.3"

FRIBIDI_REPO="https://github.com/fribidi/fribidi.git"
FRIBIDI_TAG="v1.0.16"

LIBRAQM_REPO="https://github.com/HOST-Oman/libraqm.git"
LIBRAQM_TAG="v0.11.0"

IMATH_REPO="https://github.com/AcademySoftwareFoundation/Imath.git"
IMATH_TAG="v3.2.2"

OPENEXR_REPO="https://github.com/AcademySoftwareFoundation/openexr.git"
OPENEXR_TAG="v3.4.14"

LIBDE265_REPO="https://github.com/strukturag/libde265.git"
LIBDE265_TAG="v1.1.1"

LIBHEIF_REPO="https://github.com/strukturag/libheif.git"
LIBHEIF_TAG="v1.23.1"

LIBRAW_REPO="https://github.com/LibRaw/LibRaw.git"
LIBRAW_TAG="0.22.2"

FREETYPE_REPO="https://github.com/freetype/freetype.git"
FREETYPE_TAG="VER-2-14-3"

HARFBUZZ_REPO="https://github.com/harfbuzz/harfbuzz.git"
HARFBUZZ_TAG="14.3.0"

LIBWEBP_REPO="https://github.com/webmproject/libwebp.git"
LIBWEBP_TAG="v1.6.0"

LIBTIFF_REPO="https://gitlab.com/libtiff/libtiff.git"
LIBTIFF_TAG="v4.7.2"

FONTCONFIG_REPO="https://gitlab.freedesktop.org/fontconfig/fontconfig.git"
FONTCONFIG_TAG="2.18.3"
